
Microsoft Visual Studio Solution File, Format Version 12.00
# Visual Studio Version 17
VisualStudioVersion = 17.8.34330.188
MinimumVisualStudioVersion = 10.0.40219.1
Project("{FAE04EC0-301F-11D3-BF4B-00C04F79EFBC}") = "Notes.API", "Notes.API.csproj", "{C8DBE153-52BF-4274-B738-F655402EE47B}"
EndProject
Global
	GlobalSection(SolutionConfigurationPlatforms) = preSolution
		Debug|Any CPU = Debug|Any CPU
		Release|Any CPU = Release|Any CPU
	EndGlobalSection
	GlobalSection(ProjectConfigurationPlatforms) = postSolution
		{C8DBE153-52BF-4274-B738-F655402EE47B}.Debug|Any CPU.ActiveCfg = Debug|Any CPU
		{C8DBE153-52BF-4274-B738-F655402EE47B}.Debug|Any CPU.Build.0 = Debug|Any CPU
		{C8DBE153-52BF-4274-B738-F655402EE47B}.Release|Any CPU.ActiveCfg = Release|Any CPU
		{C8DBE153-52BF-4274-B738-F655402EE47B}.Release|Any CPU.Build.0 = Release|Any CPU
	EndGlobalSection
	GlobalSection(SolutionProperties) = preSolution
		HideSolutionNode = FALSE
	EndGlobalSection
	GlobalSection(ExtensibilityGlobals) = postSolution
		SolutionGuid = {F3A404E1-9995-4F33-8929-1E6DC34198E2}
	EndGlobalSection
EndGlobal
